
Microsoft Visual Studio Solution File, Format Version 12.00
# Visual Studio Version 16
VisualStudioVersion = 16.0.31205.134
MinimumVisualStudioVersion = 10.0.40219.1
Project("{8BC9CEB8-8B4A-11D0-8D11-00A0C91BC942}") = "WhereWhoWas", "WhereWhoWere\WhereWhoWere.vcxproj", "{51B6FE98-0418-4BBB-B843-10A45EADCE4A}"
EndProject
Project("{8BC9CEB8-8B4A-11D0-8D11-00A0C91BC942}") = "main", "main\main.vcxproj", "{4C627603-1ED3-45C6-9840-53EE86DE7574}"
EndProject
Project("{8BC9CEB8-8B4A-11D0-8D11-00A0C91BC942}") = "WhereWhoWas_tests", "WhereWhoWas_tests\WhereWhoWas_tests.vcxproj", "{8DF078BA-7644-4CC6-8BE7-C3FA48EE71BB}"
EndProject
Global
	GlobalSection(SolutionConfigurationPlatforms) = preSolution
		Debug|x64 = Debug|x64
		Debug|x86 = Debug|x86
		Release|x64 = Release|x64
		Release|x86 = Release|x86
	EndGlobalSection
	GlobalSection(ProjectConfigurationPlatforms) = postSolution
		{51B6FE98-0418-4BBB-B843-10A45EADCE4A}.Debug|x64.ActiveCfg = Debug|x64
		{51B6FE98-0418-4BBB-B843-10A45EADCE4A}.Debug|x64.Build.0 = Debug|x64
		{51B6FE98-0418-4BBB-B843-10A45EADCE4A}.Debug|x86.ActiveCfg = Debug|Win32
		{51B6FE98-0418-4BBB-B843-10A45EADCE4A}.Debug|x86.Build.0 = Debug|Win32
		{51B6FE98-0418-4BBB-B843-10A45EADCE4A}.Release|x64.ActiveCfg = Release|x64
		{51B6FE98-0418-4BBB-B843-10A45EADCE4A}.Release|x64.Build.0 = Release|x64
		{51B6FE98-0418-4BBB-B843-10A45EADCE4A}.Release|x86.ActiveCfg = Release|Win32
		{51B6FE98-0418-4BBB-B843-10A45EADCE4A}.Release|x86.Build.0 = Release|Win32
		{4C627603-1ED3-45C6-9840-53EE86DE7574}.Debug|x64.ActiveCfg = Debug|x64
		{4C627603-1ED3-45C6-9840-53EE86DE7574}.Debug|x64.Build.0 = Debug|x64
		{4C627603-1ED3-45C6-9840-53EE86DE7574}.Debug|x86.ActiveCfg = Debug|Win32
		{4C627603-1ED3-45C6-9840-53EE86DE7574}.Debug|x86.Build.0 = Debug|Win32
		{4C627603-1ED3-45C6-9840-53EE86DE7574}.Release|x64.ActiveCfg = Release|x64
		{4C627603-1ED3-45C6-9840-53EE86DE7574}.Release|x64.Build.0 = Release|x64
		{4C627603-1ED3-45C6-9840-53EE86DE7574}.Release|x86.ActiveCfg = Release|Win32
		{4C627603-1ED3-45C6-9840-53EE86DE7574}.Release|x86.Build.0 = Release|Win32
		{8DF078BA-7644-4CC6-8BE7-C3FA48EE71BB}.Debug|x64.ActiveCfg = Debug|x64
		{8DF078BA-7644-4CC6-8BE7-C3FA48EE71BB}.Debug|x64.Build.0 = Debug|x64
		{8DF078BA-7644-4CC6-8BE7-C3FA48EE71BB}.Debug|x86.ActiveCfg = Debug|Win32
		{8DF078BA-7644-4CC6-8BE7-C3FA48EE71BB}.Debug|x86.Build.0 = Debug|Win32
		{8DF078BA-7644-4CC6-8BE7-C3FA48EE71BB}.Release|x64.ActiveCfg = Release|x64
		{8DF078BA-7644-4CC6-8BE7-C3FA48EE71BB}.Release|x64.Build.0 = Release|x64
		{8DF078BA-7644-4CC6-8BE7-C3FA48EE71BB}.Release|x86.ActiveCfg = Release|Win32
		{8DF078BA-7644-4CC6-8BE7-C3FA48EE71BB}.Release|x86.Build.0 = Release|Win32
	EndGlobalSection
	GlobalSection(SolutionProperties) = preSolution
		HideSolutionNode = FALSE
	EndGlobalSection
	GlobalSection(ExtensibilityGlobals) = postSolution
		SolutionGuid = {CFFED605-F549-4DEB-8DBC-CBEA750C94D5}
	EndGlobalSection
EndGlobal
